
Microsoft Visual Studio Solution File, Format Version 12.00
# Visual Studio Version 17
VisualStudioVersion = 17.4.33110.190
MinimumVisualStudioVersion = 10.0.40219.1
Project("{FAE04EC0-301F-11D3-BF4B-00C04F79EFBC}") = "lab8_Iterator", "lab8_Iterator\lab8_Iterator.csproj", "{DE18BF47-7C12-411A-8B3A-46136FDD7D90}"
EndProject
Global
	GlobalSection(SolutionConfigurationPlatforms) = preSolution
		Debug|Any CPU = Debug|Any CPU
		Release|Any CPU = Release|Any CPU
	EndGlobalSection
	GlobalSection(ProjectConfigurationPlatforms) = postSolution
		{DE18BF47-7C12-411A-8B3A-46136FDD7D90}.Debug|Any CPU.ActiveCfg = Debug|Any CPU
		{DE18BF47-7C12-411A-8B3A-46136FDD7D90}.Debug|Any CPU.Build.0 = Debug|Any CPU
		{DE18BF47-7C12-411A-8B3A-46136FDD7D90}.Release|Any CPU.ActiveCfg = Release|Any CPU
		{DE18BF47-7C12-411A-8B3A-46136FDD7D90}.Release|Any CPU.Build.0 = Release|Any CPU
	EndGlobalSection
	GlobalSection(SolutionProperties) = preSolution
		HideSolutionNode = FALSE
	EndGlobalSection
	GlobalSection(ExtensibilityGlobals) = postSolution
		SolutionGuid = {EFA50BBA-77D8-4F20-A715-4F3954259F10}
	EndGlobalSection
EndGlobal
